
Microsoft Visual Studio Solution File, Format Version 10.00
# Visual C# Express 2008
Project("{FAE04EC0-301F-11D3-BF4B-00C04F79EFBC}") = "RosDBG", "RosDBG.csproj", "{FB776BFE-D2C2-465E-B713-6AD82CAE1A39}"
EndProject
Project("{FAE04EC0-301F-11D3-BF4B-00C04F79EFBC}") = "stabs", "..\stabs\stabs.csproj", "{BCA425B3-12A5-40A3-9C88-7B3D071C8018}"
EndProject
Global
	GlobalSection(SolutionConfigurationPlatforms) = preSolution
		Debug|Any CPU = Debug|Any CPU
		Release|Any CPU = Release|Any CPU
	EndGlobalSection
	GlobalSection(ProjectConfigurationPlatforms) = postSolution
		{FB776BFE-D2C2-465E-B713-6AD82CAE1A39}.Debug|Any CPU.ActiveCfg = Debug|Any CPU
		{FB776BFE-D2C2-465E-B713-6AD82CAE1A39}.Debug|Any CPU.Build.0 = Debug|Any CPU
		{FB776BFE-D2C2-465E-B713-6AD82CAE1A39}.Release|Any CPU.ActiveCfg = Release|Any CPU
		{FB776BFE-D2C2-465E-B713-6AD82CAE1A39}.Release|Any CPU.Build.0 = Release|Any CPU
		{BCA425B3-12A5-40A3-9C88-7B3D071C8018}.Debug|Any CPU.ActiveCfg = Debug|Any CPU
		{BCA425B3-12A5-40A3-9C88-7B3D071C8018}.Debug|Any CPU.Build.0 = Debug|Any CPU
		{BCA425B3-12A5-40A3-9C88-7B3D071C8018}.Release|Any CPU.ActiveCfg = Release|Any CPU
		{BCA425B3-12A5-40A3-9C88-7B3D071C8018}.Release|Any CPU.Build.0 = Release|Any CPU
	EndGlobalSection
	GlobalSection(SolutionProperties) = preSolution
		HideSolutionNode = FALSE
	EndGlobalSection
EndGlobal
